// !$*UTF8*$!
{
	archiveVersion = 1;
	classes = {
	};
	objectVersion = 56;
	objects = {

/* Begin PBXBuildFile section */
		F76873E82C54D21B006883FF /* AppDelegate.swift in Sources */ = {isa = PBXBuildFile; fileRef = F76873E72C54D21B006883FF /* AppDelegate.swift */; };
		F76873EA2C54D21B006883FF /* SceneDelegate.swift in Sources */ = {isa = PBXBuildFile; fileRef = F76873E92C54D21B006883FF /* SceneDelegate.swift */; };
		F76873EC2C54D21B006883FF /* ViewController.swift in Sources */ = {isa = PBXBuildFile; fileRef = F76873EB2C54D21B006883FF /* ViewController.swift */; };
		F76873EF2C54D21B006883FF /* Base in Resources */ = {isa = PBXBuildFile; fileRef = F76873EE2C54D21B006883FF /* Base */; };
		F76873F12C54D21C006883FF /* Assets.xcassets in Resources */ = {isa = PBXBuildFile; fileRef = F76873F02C54D21C006883FF /* Assets.xcassets */; };
		F76873F42C54D21C006883FF /* Base in Resources */ = {isa = PBXBuildFile; fileRef = F76873F32C54D21C006883FF /* Base */; };
		F76873FD2C54D391006883FF /* GoogleMobileAds in Frameworks */ = {isa = PBXBuildFile; productRef = F76873FC2C54D391006883FF /* GoogleMobileAds */; };
		F76873FF2C54D552006883FF /* SplashViewController.swift in Sources */ = {isa = PBXBuildFile; fileRef = F76873FE2C54D552006883FF /* SplashViewController.swift */; };
		F76874012C54D75F006883FF /* AppOpenAdManager.swift in Sources */ = {isa = PBXBuildFile; fileRef = F76874002C54D75F006883FF /* AppOpenAdManager.swift */; };
/* End PBXBuildFile section */

/* Begin PBXFileReference section */
		F76873E42C54D21B006883FF /* AdsOniOSApp.app */ = {isa = PBXFileReference; explicitFileType = wrapper.application; includeInIndex = 0; path = AdsOniOSApp.app; sourceTree = BUILT_PRODUCTS_DIR; };
		F76873E72C54D21B006883FF /* AppDelegate.swift */ = {isa = PBXFileReference; lastKnownFileType = sourcecode.swift; path = AppDelegate.swift; sourceTree = "<group>"; };
		F76873E92C54D21B006883FF /* SceneDelegate.swift */ = {isa = PBXFileReference; lastKnownFileType = sourcecode.swift; path = SceneDelegate.swift; sourceTree = "<group>"; };
		F76873EB2C54D21B006883FF /* ViewController.swift */ = {isa = PBXFileReference; lastKnownFileType = sourcecode.swift; path = ViewController.swift; sourceTree = "<group>"; };
		F76873EE2C54D21B006883FF /* Base */ = {isa = PBXFileReference; lastKnownFileType = file.storyboard; name = Base; path = Base.lproj/Main.storyboard; sourceTree = "<group>"; };
		F76873F02C54D21C006883FF /* Assets.xcassets */ = {isa = PBXFileReference; lastKnownFileType = folder.assetcatalog; path = Assets.xcassets; sourceTree = "<group>"; };
		F76873F32C54D21C006883FF /* Base */ = {isa = PBXFileReference; lastKnownFileType = file.storyboard; name = Base; path = Base.lproj/LaunchScreen.storyboard; sourceTree = "<group>"; };
		F76873F52C54D21C006883FF /* Info.plist */ = {isa = PBXFileReference; lastKnownFileType = text.plist.xml; path = Info.plist; sourceTree = "<group>"; };
		F76873FE2C54D552006883FF /* SplashViewController.swift */ = {isa = PBXFileReference; lastKnownFileType = sourcecode.swift; path = SplashViewController.swift; sourceTree = "<group>"; };
		F76874002C54D75F006883FF /* AppOpenAdManager.swift */ = {isa = PBXFileReference; lastKnownFileType = sourcecode.swift; path = AppOpenAdManager.swift; sourceTree = "<group>"; };
/* End PBXFileReference section */

/* Begin PBXFrameworksBuildPhase section */
		F76873E12C54D21B006883FF /* Frameworks */ = {
			isa = PBXFrameworksBuildPhase;
			buildActionMask = 2147483647;
			files = (
				F76873FD2C54D391006883FF /* GoogleMobileAds in Frameworks */,
			);
			runOnlyForDeploymentPostprocessing = 0;
		};
/* End PBXFrameworksBuildPhase section */

/* Begin PBXGroup section */
		F76873DB2C54D21B006883FF = {
			isa = PBXGroup;
			children = (
				F76873E62C54D21B006883FF /* AdsOniOSApp */,
				F76873E52C54D21B006883FF /* Products */,
			);
			sourceTree = "<group>";
		};
		F76873E52C54D21B006883FF /* Products */ = {
			isa = PBXGroup;
			children = (
				F76873E42C54D21B006883FF /* AdsOniOSApp.app */,
			);
			name = Products;
			sourceTree = "<group>";
		};
		F76873E62C54D21B006883FF /* AdsOniOSApp */ = {
			isa = PBXGroup;
			children = (
				F76873E72C54D21B006883FF /* AppDelegate.swift */,
				F76873E92C54D21B006883FF /* SceneDelegate.swift */,
				F76873FE2C54D552006883FF /* SplashViewController.swift */,
				F76874002C54D75F006883FF /* AppOpenAdManager.swift */,
				F76873EB2C54D21B006883FF /* ViewController.swift */,
				F76873ED2C54D21B006883FF /* Main.storyboard */,
				F76873F02C54D21C006883FF /* Assets.xcassets */,
				F76873F22C54D21C006883FF /* LaunchScreen.storyboard */,
				F76873F52C54D21C006883FF /* Info.plist */,
			);
			path = AdsOniOSApp;
			sourceTree = "<group>";
		};
/* End PBXGroup section */

/* Begin PBXNativeTarget section */
		F76873E32C54D21B006883FF /* AdsOniOSApp */ = {
			isa = PBXNativeTarget;
			buildConfigurationList = F76873F82C54D21C006883FF /* Build configuration list for PBXNativeTarget "AdsOniOSApp" */;
			buildPhases = (
				F76873E02C54D21B006883FF /* Sources */,
				F76873E12C54D21B006883FF /* Frameworks */,
				F76873E22C54D21B006883FF /* Resources */,
			);
			buildRules = (
			);
			dependencies = (
			);
			name = AdsOniOSApp;
			packageProductDependencies = (
				F76873FC2C54D391006883FF /* GoogleMobileAds */,
			);
			productName = AdsOniOSApp;
			productReference = F76873E42C54D21B006883FF /* AdsOniOSApp.app */;
			productType = "com.apple.product-type.application";
		};
/* End PBXNativeTarget section */

/* Begin PBXProject section */
		F76873DC2C54D21B006883FF /* Project object */ = {
			isa = PBXProject;
			attributes = {
				BuildIndependentTargetsInParallel = 1;
				LastSwiftUpdateCheck = 1540;
				LastUpgradeCheck = 1540;
				TargetAttributes = {
					F76873E32C54D21B006883FF = {
						CreatedOnToolsVersion = 15.4;
					};
				};
			};
			buildConfigurationList = F76873DF2C54D21B006883FF /* Build configuration list for PBXProject "AdsOniOSApp" */;
			compatibilityVersion = "Xcode 14.0";
			developmentRegion = en;
			hasScannedForEncodings = 0;
			knownRegions = (
				en,
				Base,
			);
			mainGroup = F76873DB2C54D21B006883FF;
			packageReferences = (
				F76873FB2C54D391006883FF /* XCRemoteSwiftPackageReference "swift-package-manager-google-mobile-ads" */,
			);
			productRefGroup = F76873E52C54D21B006883FF /* Products */;
			projectDirPath = "";
			projectRoot = "";
			targets = (
				F76873E32C54D21B006883FF /* AdsOniOSApp */,
			);
		};
/* End PBXProject section */

/* Begin PBXResourcesBuildPhase section */
		F76873E22C54D21B006883FF /* Resources */ = {
			isa = PBXResourcesBuildPhase;
			buildActionMask = 2147483647;
			files = (
				F76873F12C54D21C006883FF /* Assets.xcassets in Resources */,
				F76873F42C54D21C006883FF /* Base in Resources */,
				F76873EF2C54D21B006883FF /* Base in Resources */,
			);
			runOnlyForDeploymentPostprocessing = 0;
		};
/* End PBXResourcesBuildPhase section */

/* Begin PBXSourcesBuildPhase section */
		F76873E02C54D21B006883FF /* Sources */ = {
			isa = PBXSourcesBuildPhase;
			buildActionMask = 2147483647;
			files = (
				F76873EC2C54D21B006883FF /* ViewController.swift in Sources */,
				F76873E82C54D21B006883FF /* AppDelegate.swift in Sources */,
				F76874012C54D75F006883FF /* AppOpenAdManager.swift in Sources */,
				F76873EA2C54D21B006883FF /* SceneDelegate.swift in Sources */,
				F76873FF2C54D552006883FF /* SplashViewController.swift in Sources */,
			);
			runOnlyForDeploymentPostprocessing = 0;
		};
/* End PBXSourcesBuildPhase section */

/* Begin PBXVariantGroup section */
		F76873ED2C54D21B006883FF /* Main.storyboard */ = {
			isa = PBXVariantGroup;
			children = (
				F76873EE2C54D21B006883FF /* Base */,
			);
			name = Main.storyboard;
			sourceTree = "<group>";
		};
		F76873F22C54D21C006883FF /* LaunchScreen.storyboard */ = {
			isa = PBXVariantGroup;
			children = (
				F76873F32C54D21C006883FF /* Base */,
			);
			name = LaunchScreen.storyboard;
			sourceTree = "<group>";
		};
/* End PBXVariantGroup section */

/* Begin XCBuildConfiguration section */
		F76873F62C54D21C006883FF /* Debug */ = {
			isa = XCBuildConfiguration;
			buildSettings = {
				ALWAYS_SEARCH_USER_PATHS = NO;
				ASSETCATALOG_COMPILER_GENERATE_SWIFT_ASSET_SYMBOL_EXTENSIONS = YES;
				CLANG_ANALYZER_NONNULL = YES;
				CLANG_ANALYZER_NUMBER_OBJECT_CONVERSION = YES_AGGRESSIVE;
				CLANG_CXX_LANGUAGE_STANDARD = "gnu++20";
				CLANG_ENABLE_MODULES = YES;
				CLANG_ENABLE_OBJC_ARC = YES;
				CLANG_ENABLE_OBJC_WEAK = YES;
				CLANG_WARN_BLOCK_CAPTURE_AUTORELEASING = YES;
				CLANG_WARN_BOOL_CONVERSION = YES;
				CLANG_WARN_COMMA = YES;
				CLANG_WARN_CONSTANT_CONVERSION = YES;
				CLANG_WARN_DEPRECATED_OBJC_IMPLEMENTATIONS = YES;
				CLANG_WARN_DIRECT_OBJC_ISA_USAGE = YES_ERROR;
				CLANG_WARN_DOCUMENTATION_COMMENTS = YES;
				CLANG_WARN_EMPTY_BODY = YES;
				CLANG_WARN_ENUM_CONVERSION = YES;
				CLANG_WARN_INFINITE_RECURSION = YES;
				CLANG_WARN_INT_CONVERSION = YES;
				CLANG_WARN_NON_LITERAL_NULL_CONVERSION = YES;
				CLANG_WARN_OBJC_IMPLICIT_RETAIN_SELF = YES;
				CLANG_WARN_OBJC_LITERAL_CONVERSION = YES;
				CLANG_WARN_OBJC_ROOT_CLASS = YES_ERROR;
				CLANG_WARN_QUOTED_INCLUDE_IN_FRAMEWORK_HEADER = YES;
				CLANG_WARN_RANGE_LOOP_ANALYSIS = YES;
				CLANG_WARN_STRICT_PROTOTYPES = YES;
				CLANG_WARN_SUSPICIOUS_MOVE = YES;
				CLANG_WARN_UNGUARDED_AVAILABILITY = YES_AGGRESSIVE;
				CLANG_WARN_UNREACHABLE_CODE = YES;
				CLANG_WARN__DUPLICATE_METHOD_MATCH = YES;
				COPY_PHASE_STRIP = NO;
				DEBUG_INFORMATION_FORMAT = dwarf;
				ENABLE_STRICT_OBJC_MSGSEND = YES;
				ENABLE_TESTABILITY = YES;
				ENABLE_USER_SCRIPT_SANDBOXING = YES;
				GCC_C_LANGUAGE_STANDARD = gnu17;
				GCC_DYNAMIC_NO_PIC = NO;
				GCC_NO_COMMON_BLOCKS = YES;
				GCC_OPTIMIZATION_LEVEL = 0;
				GCC_PREPROCESSOR_DEFINITIONS = (
					"DEBUG=1",
					"$(inherited)",
				);
				GCC_WARN_64_TO_32_BIT_CONVERSION = YES;
				GCC_WARN_ABOUT_RETURN_TYPE = YES_ERROR;
				GCC_WARN_UNDECLARED_SELECTOR = YES;
				GCC_WARN_UNINITIALIZED_AUTOS = YES_AGGRESSIVE;
				GCC_WARN_UNUSED_FUNCTION = YES;
				GCC_WARN_UNUSED_VARIABLE = YES;
				IPHONEOS_DEPLOYMENT_TARGET = 17.5;
				LOCALIZATION_PREFERS_STRING_CATALOGS = YES;
				MTL_ENABLE_DEBUG_INFO = INCLUDE_SOURCE;
				MTL_FAST_MATH = YES;
				ONLY_ACTIVE_ARCH = YES;
				SDKROOT = iphoneos;
				SWIFT_ACTIVE_COMPILATION_CONDITIONS = "DEBUG $(inherited)";
				SWIFT_OPTIMIZATION_LEVEL = "-Onone";
			};
			name = Debug;
		};
		F76873F72C54D21C006883FF /* Release */ = {
			isa = XCBuildConfiguration;
			buildSettings = {
				ALWAYS_SEARCH_USER_PATHS = NO;
				ASSETCATALOG_COMPILER_GENERATE_SWIFT_ASSET_SYMBOL_EXTENSIONS = YES;
				CLANG_ANALYZER_NONNULL = YES;
				CLANG_ANALYZER_NUMBER_OBJECT_CONVERSION = YES_AGGRESSIVE;
				CLANG_CXX_LANGUAGE_STANDARD = "gnu++20";
				CLANG_ENABLE_MODULES = YES;
				CLANG_ENABLE_OBJC_ARC = YES;
				CLANG_ENABLE_OBJC_WEAK = YES;
				CLANG_WARN_BLOCK_CAPTURE_AUTORELEASING = YES;
				CLANG_WARN_BOOL_CONVERSION = YES;
				CLANG_WARN_COMMA = YES;
				CLANG_WARN_CONSTANT_CONVERSION = YES;
				CLANG_WARN_DEPRECATED_OBJC_IMPLEMENTATIONS = YES;
				CLANG_WARN_DIRECT_OBJC_ISA_USAGE = YES_ERROR;
				CLANG_WARN_DOCUMENTATION_COMMENTS = YES;
				CLANG_WARN_EMPTY_BODY = YES;
				CLANG_WARN_ENUM_CONVERSION = YES;
				CLANG_WARN_INFINITE_RECURSION = YES;
				CLANG_WARN_INT_CONVERSION = YES;
				CLANG_WARN_NON_LITERAL_NULL_CONVERSION = YES;
				CLANG_WARN_OBJC_IMPLICIT_RETAIN_SELF = YES;
				CLANG_WARN_OBJC_LITERAL_CONVERSION = YES;
				CLANG_WARN_OBJC_ROOT_CLASS = YES_ERROR;
				CLANG_WARN_QUOTED_INCLUDE_IN_FRAMEWORK_HEADER = YES;
				CLANG_WARN_RANGE_LOOP_ANALYSIS = YES;
				CLANG_WARN_STRICT_PROTOTYPES = YES;
				CLANG_WARN_SUSPICIOUS_MOVE = YES;
				CLANG_WARN_UNGUARDED_AVAILABILITY = YES_AGGRESSIVE;
				CLANG_WARN_UNREACHABLE_CODE = YES;
				CLANG_WARN__DUPLICATE_METHOD_MATCH = YES;
				COPY_PHASE_STRIP = NO;
				DEBUG_INFORMATION_FORMAT = "dwarf-with-dsym";
				ENABLE_NS_ASSERTIONS = NO;
				ENABLE_STRICT_OBJC_MSGSEND = YES;
				ENABLE_USER_SCRIPT_SANDBOXING = YES;
				GCC_C_LANGUAGE_STANDARD = gnu17;
				GCC_NO_COMMON_BLOCKS = YES;
				GCC_WARN_64_TO_32_BIT_CONVERSION = YES;
				GCC_WARN_ABOUT_RETURN_TYPE = YES_ERROR;
				GCC_WARN_UNDECLARED_SELECTOR = YES;
				GCC_WARN_UNINITIALIZED_AUTOS = YES_AGGRESSIVE;
				GCC_WARN_UNUSED_FUNCTION = YES;
				GCC_WARN_UNUSED_VARIABLE = YES;
				IPHONEOS_DEPLOYMENT_TARGET = 17.5;
				LOCALIZATION_PREFERS_STRING_CATALOGS = YES;
				MTL_ENABLE_DEBUG_INFO = NO;
				MTL_FAST_MATH = YES;
				SDKROOT = iphoneos;
				SWIFT_COMPILATION_MODE = wholemodule;
				VALIDATE_PRODUCT = YES;
			};
			name = Release;
		};
		F76873F92C54D21C006883FF /* Debug */ = {
			isa = XCBuildConfiguration;
			buildSettings = {
				ASSETCATALOG_COMPILER_APPICON_NAME = AppIcon;
				ASSETCATALOG_COMPILER_GLOBAL_ACCENT_COLOR_NAME = AccentColor;
				CODE_SIGN_STYLE = Automatic;
				CURRENT_PROJECT_VERSION = 1;
				DEVELOPMENT_TEAM = 3ARRM6MZCW;
				GENERATE_INFOPLIST_FILE = YES;
				INFOPLIST_FILE = AdsOniOSApp/Info.plist;
				INFOPLIST_KEY_UIApplicationSupportsIndirectInputEvents = YES;
				INFOPLIST_KEY_UILaunchStoryboardName = LaunchScreen;
				INFOPLIST_KEY_UIMainStoryboardFile = Main;
				INFOPLIST_KEY_UISupportedInterfaceOrientations_iPad = "UIInterfaceOrientationPortrait UIInterfaceOrientationPortraitUpsideDown UIInterfaceOrientationLandscapeLeft UIInterfaceOrientationLandscapeRight";
				INFOPLIST_KEY_UISupportedInterfaceOrientations_iPhone = "UIInterfaceOrientationPortrait UIInterfaceOrientationLandscapeLeft UIInterfaceOrientationLandscapeRight";
				LD_RUNPATH_SEARCH_PATHS = (
					"$(inherited)",
					"@executable_path/Frameworks",
				);
				MARKETING_VERSION = 1.0;
				PRODUCT_BUNDLE_IDENTIFIER = com.MobileShopClone.app.AdsOniOSApp;
				PRODUCT_NAME = "$(TARGET_NAME)";
				SWIFT_EMIT_LOC_STRINGS = YES;
				SWIFT_VERSION = 5.0;
				TARGETED_DEVICE_FAMILY = "1,2";
			};
			name = Debug;
		};
		F76873FA2C54D21C006883FF /* Release */ = {
			isa = XCBuildConfiguration;
			buildSettings = {
				ASSETCATALOG_COMPILER_APPICON_NAME = AppIcon;
				ASSETCATALOG_COMPILER_GLOBAL_ACCENT_COLOR_NAME = AccentColor;
				CODE_SIGN_STYLE = Automatic;
				CURRENT_PROJECT_VERSION = 1;
				DEVELOPMENT_TEAM = 3ARRM6MZCW;
				GENERATE_INFOPLIST_FILE = YES;
				INFOPLIST_FILE = AdsOniOSApp/Info.plist;
				INFOPLIST_KEY_UIApplicationSupportsIndirectInputEvents = YES;
				INFOPLIST_KEY_UILaunchStoryboardName = LaunchScreen;
				INFOPLIST_KEY_UIMainStoryboardFile = Main;
				INFOPLIST_KEY_UISupportedInterfaceOrientations_iPad = "UIInterfaceOrientationPortrait UIInterfaceOrientationPortraitUpsideDown UIInterfaceOrientationLandscapeLeft UIInterfaceOrientationLandscapeRight";
				INFOPLIST_KEY_UISupportedInterfaceOrientations_iPhone = "UIInterfaceOrientationPortrait UIInterfaceOrientationLandscapeLeft UIInterfaceOrientationLandscapeRight";
				LD_RUNPATH_SEARCH_PATHS = (
					"$(inherited)",
					"@executable_path/Frameworks",
				);
				MARKETING_VERSION = 1.0;
				PRODUCT_BUNDLE_IDENTIFIER = com.MobileShopClone.app.AdsOniOSApp;
				PRODUCT_NAME = "$(TARGET_NAME)";
				SWIFT_EMIT_LOC_STRINGS = YES;
				SWIFT_VERSION = 5.0;
				TARGETED_DEVICE_FAMILY = "1,2";
			};
			name = Release;
		};
/* End XCBuildConfiguration section */

/* Begin XCConfigurationList section */
		F76873DF2C54D21B006883FF /* Build configuration list for PBXProject "AdsOniOSApp" */ = {
			isa = XCConfigurationList;
			buildConfigurations = (
				F76873F62C54D21C006883FF /* Debug */,
				F76873F72C54D21C006883FF /* Release */,
			);
			defaultConfigurationIsVisible = 0;
			defaultConfigurationName = Release;
		};
		F76873F82C54D21C006883FF /* Build configuration list for PBXNativeTarget "AdsOniOSApp" */ = {
			isa = XCConfigurationList;
			buildConfigurations = (
				F76873F92C54D21C006883FF /* Debug */,
				F76873FA2C54D21C006883FF /* Release */,
			);
			defaultConfigurationIsVisible = 0;
			defaultConfigurationName = Release;
		};
/* End XCConfigurationList section */

/* Begin XCRemoteSwiftPackageReference section */
		F76873FB2C54D391006883FF /* XCRemoteSwiftPackageReference "swift-package-manager-google-mobile-ads" */ = {
			isa = XCRemoteSwiftPackageReference;
			repositoryURL = "https://github.com/googleads/swift-package-manager-google-mobile-ads.git";
			requirement = {
				kind = upToNextMajorVersion;
				minimumVersion = 11.7.0;
			};
		};
/* End XCRemoteSwiftPackageReference section */

/* Begin XCSwiftPackageProductDependency section */
		F76873FC2C54D391006883FF /* GoogleMobileAds */ = {
			isa = XCSwiftPackageProductDependency;
			package = F76873FB2C54D391006883FF /* XCRemoteSwiftPackageReference "swift-package-manager-google-mobile-ads" */;
			productName = GoogleMobileAds;
		};
/* End XCSwiftPackageProductDependency section */
	};
	rootObject = F76873DC2C54D21B006883FF /* Project object */;
}
